
Microsoft Visual Studio Solution File, Format Version 12.00
# Visual Studio 15
Project("{FAE04EC0-301F-11D3-BF4B-00C04F79EFBC}") = "CFXRDemo", "CFXRDemo.csproj", "{17CF8BCF-262A-C7E4-DCDC-5793EA4B22BA}"
EndProject
Project("{FAE04EC0-301F-11D3-BF4B-00C04F79EFBC}") = "Assembly-CSharp", "Assembly-CSharp.csproj", "{79D1C933-90C2-F048-5D40-EF5FEA159C88}"
EndProject
Project("{FAE04EC0-301F-11D3-BF4B-00C04F79EFBC}") = "KinoBloom.Runtime", "KinoBloom.Runtime.csproj", "{FA1D107F-6319-41DA-558D-3C8767335F1B}"
EndProject
Project("{FAE04EC0-301F-11D3-BF4B-00C04F79EFBC}") = "CFXRRuntime", "CFXRRuntime.csproj", "{65D66C5B-F8BF-D6E4-D27E-C2536B29919C}"
EndProject
Project("{FAE04EC0-301F-11D3-BF4B-00C04F79EFBC}") = "CFXR.WelcomeScreen", "CFXR.WelcomeScreen.csproj", "{B5A7EAE2-BC79-A348-F512-AB38F0664EC6}"
EndProject
Project("{FAE04EC0-301F-11D3-BF4B-00C04F79EFBC}") = "ToonyColorsPro.Demo.Editor", "ToonyColorsPro.Demo.Editor.csproj", "{37BAA263-ECA3-F01D-5380-89874297744B}"
EndProject
Project("{FAE04EC0-301F-11D3-BF4B-00C04F79EFBC}") = "CFXREditor", "CFXREditor.csproj", "{944D45A3-E31B-264B-78A0-A95EB9F5A725}"
EndProject
Global
	GlobalSection(SolutionConfigurationPlatforms) = preSolution
		Debug|Any CPU = Debug|Any CPU
		Release|Any CPU = Release|Any CPU
	EndGlobalSection
	GlobalSection(ProjectConfigurationPlatforms) = postSolution
		{17CF8BCF-262A-C7E4-DCDC-5793EA4B22BA}.Debug|Any CPU.ActiveCfg = Debug|Any CPU
		{17CF8BCF-262A-C7E4-DCDC-5793EA4B22BA}.Debug|Any CPU.Build.0 = Debug|Any CPU
		{17CF8BCF-262A-C7E4-DCDC-5793EA4B22BA}.Release|Any CPU.ActiveCfg = Release|Any CPU
		{17CF8BCF-262A-C7E4-DCDC-5793EA4B22BA}.Release|Any CPU.Build.0 = Release|Any CPU
		{79D1C933-90C2-F048-5D40-EF5FEA159C88}.Debug|Any CPU.ActiveCfg = Debug|Any CPU
		{79D1C933-90C2-F048-5D40-EF5FEA159C88}.Debug|Any CPU.Build.0 = Debug|Any CPU
		{79D1C933-90C2-F048-5D40-EF5FEA159C88}.Release|Any CPU.ActiveCfg = Release|Any CPU
		{79D1C933-90C2-F048-5D40-EF5FEA159C88}.Release|Any CPU.Build.0 = Release|Any CPU
		{FA1D107F-6319-41DA-558D-3C8767335F1B}.Debug|Any CPU.ActiveCfg = Debug|Any CPU
		{FA1D107F-6319-41DA-558D-3C8767335F1B}.Debug|Any CPU.Build.0 = Debug|Any CPU
		{FA1D107F-6319-41DA-558D-3C8767335F1B}.Release|Any CPU.ActiveCfg = Release|Any CPU
		{FA1D107F-6319-41DA-558D-3C8767335F1B}.Release|Any CPU.Build.0 = Release|Any CPU
		{65D66C5B-F8BF-D6E4-D27E-C2536B29919C}.Debug|Any CPU.ActiveCfg = Debug|Any CPU
		{65D66C5B-F8BF-D6E4-D27E-C2536B29919C}.Debug|Any CPU.Build.0 = Debug|Any CPU
		{65D66C5B-F8BF-D6E4-D27E-C2536B29919C}.Release|Any CPU.ActiveCfg = Release|Any CPU
		{65D66C5B-F8BF-D6E4-D27E-C2536B29919C}.Release|Any CPU.Build.0 = Release|Any CPU
		{B5A7EAE2-BC79-A348-F512-AB38F0664EC6}.Debug|Any CPU.ActiveCfg = Debug|Any CPU
		{B5A7EAE2-BC79-A348-F512-AB38F0664EC6}.Debug|Any CPU.Build.0 = Debug|Any CPU
		{B5A7EAE2-BC79-A348-F512-AB38F0664EC6}.Release|Any CPU.ActiveCfg = Release|Any CPU
		{B5A7EAE2-BC79-A348-F512-AB38F0664EC6}.Release|Any CPU.Build.0 = Release|Any CPU
		{37BAA263-ECA3-F01D-5380-89874297744B}.Debug|Any CPU.ActiveCfg = Debug|Any CPU
		{37BAA263-ECA3-F01D-5380-89874297744B}.Debug|Any CPU.Build.0 = Debug|Any CPU
		{37BAA263-ECA3-F01D-5380-89874297744B}.Release|Any CPU.ActiveCfg = Release|Any CPU
		{37BAA263-ECA3-F01D-5380-89874297744B}.Release|Any CPU.Build.0 = Release|Any CPU
		{944D45A3-E31B-264B-78A0-A95EB9F5A725}.Debug|Any CPU.ActiveCfg = Debug|Any CPU
		{944D45A3-E31B-264B-78A0-A95EB9F5A725}.Debug|Any CPU.Build.0 = Debug|Any CPU
		{944D45A3-E31B-264B-78A0-A95EB9F5A725}.Release|Any CPU.ActiveCfg = Release|Any CPU
		{944D45A3-E31B-264B-78A0-A95EB9F5A725}.Release|Any CPU.Build.0 = Release|Any CPU
	EndGlobalSection
	GlobalSection(SolutionProperties) = preSolution
		HideSolutionNode = FALSE
	EndGlobalSection
EndGlobal
